github.com/MobilityData/gtfs-realtime-bindings/golang/gtfs v1.0.0 h1:f4P+fVYmSIWj4b/jvbMdmrmsx/Xb+5xCpYYtVXOdKoc=
github.com/MobilityData/gtfs-realtime-bindings/golang/gtfs v1.0.0/go.mod h1:nSmbVVQSM4lp9gYvVaaTotnRxSwZXEdFnJARofg5V4g=
github.com/joho/godotenv v1.5.1 h1:7eLL/+HRGLY0ldzfGMeQkb7vMd0as4CfYvUVzLqw0N0=
github.com/joho/godotenv v1.5.1/go.mod h1:f4LDr5Voq0i2e/R5DDNOoa2zzDfwtkZa6DnEwAbqwq4=
google.golang.org/protobuf v1.34.2 h1:6xV6lTsCfpGD21XK49h7MhtcApnLqkfYgPcdHftf6hg=
google.golang.org/protobuf v1.34.2/go.mod h1:qYOHts0dSfpeUzUFpOMr/WGzszTmLH+DiWniOlNbLDw=
google.golang.org/protobuf v1.36.11 h1:fV6ZwhNocDyBLK0dj+fg8ektcVegBBuEolpbTQyBNVE=
google.golang.org/protobuf v1.36.11/go.mod h1:HTf+CrKn2C3g5S8VImy6tdcUvCska2kB7j23XfzDpco=
